
Microsoft Visual Studio Solution File, Format Version 12.00
# Visual Studio Version 17
VisualStudioVersion = 17.10.35122.118
MinimumVisualStudioVersion = 10.0.40219.1
Project("{FAE04EC0-301F-11D3-BF4B-00C04F79EFBC}") = "CodingTest8", "CodingTest8.csproj", "{30073DC5-2F86-4DD6-9D79-12CF5DDF3A01}"
EndProject
Global
	GlobalSection(SolutionConfigurationPlatforms) = preSolution
		Debug|Any CPU = Debug|Any CPU
		Release|Any CPU = Release|Any CPU
	EndGlobalSection
	GlobalSection(ProjectConfigurationPlatforms) = postSolution
		{30073DC5-2F86-4DD6-9D79-12CF5DDF3A01}.Debug|Any CPU.ActiveCfg = Debug|Any CPU
		{30073DC5-2F86-4DD6-9D79-12CF5DDF3A01}.Debug|Any CPU.Build.0 = Debug|Any CPU
		{30073DC5-2F86-4DD6-9D79-12CF5DDF3A01}.Release|Any CPU.ActiveCfg = Release|Any CPU
		{30073DC5-2F86-4DD6-9D79-12CF5DDF3A01}.Release|Any CPU.Build.0 = Release|Any CPU
	EndGlobalSection
	GlobalSection(SolutionProperties) = preSolution
		HideSolutionNode = FALSE
	EndGlobalSection
	GlobalSection(ExtensibilityGlobals) = postSolution
		SolutionGuid = {EC185221-8044-4D45-88E6-843EDC239688}
	EndGlobalSection
EndGlobal
